
Microsoft Visual Studio Solution File, Format Version 12.00
# Visual Studio Version 17
VisualStudioVersion = 17.10.35004.147
MinimumVisualStudioVersion = 10.0.40219.1
Project("{9A19103F-16F7-4668-BE54-9A1E7A4F7556}") = "NTW-TEST-PATTERNS", "NTW-TEST-PATTERNS\NTW-TEST-PATTERNS.csproj", "{9CDA6569-9A2B-41DE-9A22-F67662A384BB}"
EndProject
Project("{9A19103F-16F7-4668-BE54-9A1E7A4F7556}") = "NWT-TEST-PATTERNS.Data", "Data\NWT-TEST-PATTERNS.Data.csproj", "{CD13AC23-5E87-4EB3-B3D2-DD24073408E0}"
EndProject
Project("{9A19103F-16F7-4668-BE54-9A1E7A4F7556}") = "NTW-TEST-PATTERNS.Service", "Service\NTW-TEST-PATTERNS.Service.csproj", "{6E633E7A-2101-424E-877E-6E4573121171}"
EndProject
Project("{9A19103F-16F7-4668-BE54-9A1E7A4F7556}") = "NTW-TEST-PATTERNS.Arquitecture", "NTW-TEST-PATTERNS.Arquitecture\NTW-TEST-PATTERNS.Arquitecture.csproj", "{86F3C673-700B-4E4B-892F-7DA498D45C52}"
EndProject
Project("{9A19103F-16F7-4668-BE54-9A1E7A4F7556}") = "NTW-TEST-PATTERNS.Models", "NTW-TEST-PATTERNS.Models\NTW-TEST-PATTERNS.Models.csproj", "{7C6A600E-7A78-4447-8955-F0E9692BC507}"
EndProject
Global
	GlobalSection(SolutionConfigurationPlatforms) = preSolution
		Debug|Any CPU = Debug|Any CPU
		Release|Any CPU = Release|Any CPU
	EndGlobalSection
	GlobalSection(ProjectConfigurationPlatforms) = postSolution
		{9CDA6569-9A2B-41DE-9A22-F67662A384BB}.Debug|Any CPU.ActiveCfg = Debug|Any CPU
		{9CDA6569-9A2B-41DE-9A22-F67662A384BB}.Debug|Any CPU.Build.0 = Debug|Any CPU
		{9CDA6569-9A2B-41DE-9A22-F67662A384BB}.Release|Any CPU.ActiveCfg = Release|Any CPU
		{9CDA6569-9A2B-41DE-9A22-F67662A384BB}.Release|Any CPU.Build.0 = Release|Any CPU
		{CD13AC23-5E87-4EB3-B3D2-DD24073408E0}.Debug|Any CPU.ActiveCfg = Debug|Any CPU
		{CD13AC23-5E87-4EB3-B3D2-DD24073408E0}.Debug|Any CPU.Build.0 = Debug|Any CPU
		{CD13AC23-5E87-4EB3-B3D2-DD24073408E0}.Release|Any CPU.ActiveCfg = Release|Any CPU
		{CD13AC23-5E87-4EB3-B3D2-DD24073408E0}.Release|Any CPU.Build.0 = Release|Any CPU
		{6E633E7A-2101-424E-877E-6E4573121171}.Debug|Any CPU.ActiveCfg = Debug|Any CPU
		{6E633E7A-2101-424E-877E-6E4573121171}.Debug|Any CPU.Build.0 = Debug|Any CPU
		{6E633E7A-2101-424E-877E-6E4573121171}.Release|Any CPU.ActiveCfg = Release|Any CPU
		{6E633E7A-2101-424E-877E-6E4573121171}.Release|Any CPU.Build.0 = Release|Any CPU
		{86F3C673-700B-4E4B-892F-7DA498D45C52}.Debug|Any CPU.ActiveCfg = Debug|Any CPU
		{86F3C673-700B-4E4B-892F-7DA498D45C52}.Debug|Any CPU.Build.0 = Debug|Any CPU
		{86F3C673-700B-4E4B-892F-7DA498D45C52}.Release|Any CPU.ActiveCfg = Release|Any CPU
		{86F3C673-700B-4E4B-892F-7DA498D45C52}.Release|Any CPU.Build.0 = Release|Any CPU
		{7C6A600E-7A78-4447-8955-F0E9692BC507}.Debug|Any CPU.ActiveCfg = Debug|Any CPU
		{7C6A600E-7A78-4447-8955-F0E9692BC507}.Debug|Any CPU.Build.0 = Debug|Any CPU
		{7C6A600E-7A78-4447-8955-F0E9692BC507}.Release|Any CPU.ActiveCfg = Release|Any CPU
		{7C6A600E-7A78-4447-8955-F0E9692BC507}.Release|Any CPU.Build.0 = Release|Any CPU
	EndGlobalSection
	GlobalSection(SolutionProperties) = preSolution
		HideSolutionNode = FALSE
	EndGlobalSection
	GlobalSection(ExtensibilityGlobals) = postSolution
		SolutionGuid = {C3507DB5-4576-4C75-940C-C65A249C254A}
	EndGlobalSection
EndGlobal
